
Microsoft Visual Studio Solution File, Format Version 12.00
# Visual Studio 14
VisualStudioVersion = 14.0.25420.1
MinimumVisualStudioVersion = 10.0.40219.1
Project("{F184B08F-C81C-45F6-A57F-5ABD9991F28F}") = "SmallBiz.Client", "SmallBiz\SmallBiz.Client.vbproj", "{ED8744C4-255B-43D3-B1B7-020621CCB5FF}"
EndProject
Project("{F184B08F-C81C-45F6-A57F-5ABD9991F28F}") = "SmallBiz.Entity", "SmallBiz.Entity\SmallBiz.Entity.vbproj", "{8A28983B-C39A-4983-90D1-6E64AE69E9DD}"
EndProject
Project("{F184B08F-C81C-45F6-A57F-5ABD9991F28F}") = "SmallBiz.BLL", "SmallBizz.BLL\SmallBiz.BLL.vbproj", "{404F747B-837B-4CD2-BCD6-17355FE6FD8E}"
EndProject
Project("{F184B08F-C81C-45F6-A57F-5ABD9991F28F}") = "SmallBiz.DAL", "SmallBiz.DAL\SmallBiz.DAL.vbproj", "{EBE5F46E-BAF5-4363-908B-C0137CFD34CF}"
EndProject
Project("{6141683F-8A12-4E36-9623-2EB02B2C2303}") = "Setup1", "Setup1\Setup1.isproj", "{4C76F4AB-337C-402C-BF9D-C2532BCB616D}"
	ProjectSection(ProjectDependencies) = postProject
		{ED8744C4-255B-43D3-B1B7-020621CCB5FF} = {ED8744C4-255B-43D3-B1B7-020621CCB5FF}
	EndProjectSection
EndProject
Global
	GlobalSection(SolutionConfigurationPlatforms) = preSolution
		CD_ROM|Any CPU = CD_ROM|Any CPU
		Debug|Any CPU = Debug|Any CPU
		DVD-5|Any CPU = DVD-5|Any CPU
		Release|Any CPU = Release|Any CPU
		SingleImage|Any CPU = SingleImage|Any CPU
	EndGlobalSection
	GlobalSection(ProjectConfigurationPlatforms) = postSolution
		{ED8744C4-255B-43D3-B1B7-020621CCB5FF}.CD_ROM|Any CPU.ActiveCfg = Release|Any CPU
		{ED8744C4-255B-43D3-B1B7-020621CCB5FF}.CD_ROM|Any CPU.Build.0 = Release|Any CPU
		{ED8744C4-255B-43D3-B1B7-020621CCB5FF}.Debug|Any CPU.ActiveCfg = Debug|Any CPU
		{ED8744C4-255B-43D3-B1B7-020621CCB5FF}.Debug|Any CPU.Build.0 = Debug|Any CPU
		{ED8744C4-255B-43D3-B1B7-020621CCB5FF}.DVD-5|Any CPU.ActiveCfg = Debug|Any CPU
		{ED8744C4-255B-43D3-B1B7-020621CCB5FF}.DVD-5|Any CPU.Build.0 = Debug|Any CPU
		{ED8744C4-255B-43D3-B1B7-020621CCB5FF}.Release|Any CPU.ActiveCfg = Release|Any CPU
		{ED8744C4-255B-43D3-B1B7-020621CCB5FF}.Release|Any CPU.Build.0 = Release|Any CPU
		{ED8744C4-255B-43D3-B1B7-020621CCB5FF}.SingleImage|Any CPU.ActiveCfg = Release|Any CPU
		{ED8744C4-255B-43D3-B1B7-020621CCB5FF}.SingleImage|Any CPU.Build.0 = Release|Any CPU
		{8A28983B-C39A-4983-90D1-6E64AE69E9DD}.CD_ROM|Any CPU.ActiveCfg = Release|Any CPU
		{8A28983B-C39A-4983-90D1-6E64AE69E9DD}.CD_ROM|Any CPU.Build.0 = Release|Any CPU
		{8A28983B-C39A-4983-90D1-6E64AE69E9DD}.Debug|Any CPU.ActiveCfg = Debug|Any CPU
		{8A28983B-C39A-4983-90D1-6E64AE69E9DD}.Debug|Any CPU.Build.0 = Debug|Any CPU
		{8A28983B-C39A-4983-90D1-6E64AE69E9DD}.DVD-5|Any CPU.ActiveCfg = Debug|Any CPU
		{8A28983B-C39A-4983-90D1-6E64AE69E9DD}.DVD-5|Any CPU.Build.0 = Debug|Any CPU
		{8A28983B-C39A-4983-90D1-6E64AE69E9DD}.Release|Any CPU.ActiveCfg = Release|Any CPU
		{8A28983B-C39A-4983-90D1-6E64AE69E9DD}.Release|Any CPU.Build.0 = Release|Any CPU
		{8A28983B-C39A-4983-90D1-6E64AE69E9DD}.SingleImage|Any CPU.ActiveCfg = Release|Any CPU
		{8A28983B-C39A-4983-90D1-6E64AE69E9DD}.SingleImage|Any CPU.Build.0 = Release|Any CPU
		{404F747B-837B-4CD2-BCD6-17355FE6FD8E}.CD_ROM|Any CPU.ActiveCfg = Release|Any CPU
		{404F747B-837B-4CD2-BCD6-17355FE6FD8E}.CD_ROM|Any CPU.Build.0 = Release|Any CPU
		{404F747B-837B-4CD2-BCD6-17355FE6FD8E}.Debug|Any CPU.ActiveCfg = Debug|Any CPU
		{404F747B-837B-4CD2-BCD6-17355FE6FD8E}.Debug|Any CPU.Build.0 = Debug|Any CPU
		{404F747B-837B-4CD2-BCD6-17355FE6FD8E}.DVD-5|Any CPU.ActiveCfg = Debug|Any CPU
		{404F747B-837B-4CD2-BCD6-17355FE6FD8E}.DVD-5|Any CPU.Build.0 = Debug|Any CPU
		{404F747B-837B-4CD2-BCD6-17355FE6FD8E}.Release|Any CPU.ActiveCfg = Release|Any CPU
		{404F747B-837B-4CD2-BCD6-17355FE6FD8E}.Release|Any CPU.Build.0 = Release|Any CPU
		{404F747B-837B-4CD2-BCD6-17355FE6FD8E}.SingleImage|Any CPU.ActiveCfg = Release|Any CPU
		{404F747B-837B-4CD2-BCD6-17355FE6FD8E}.SingleImage|Any CPU.Build.0 = Release|Any CPU
		{EBE5F46E-BAF5-4363-908B-C0137CFD34CF}.CD_ROM|Any CPU.ActiveCfg = Release|Any CPU
		{EBE5F46E-BAF5-4363-908B-C0137CFD34CF}.CD_ROM|Any CPU.Build.0 = Release|Any CPU
		{EBE5F46E-BAF5-4363-908B-C0137CFD34CF}.Debug|Any CPU.ActiveCfg = Debug|Any CPU
		{EBE5F46E-BAF5-4363-908B-C0137CFD34CF}.Debug|Any CPU.Build.0 = Debug|Any CPU
		{EBE5F46E-BAF5-4363-908B-C0137CFD34CF}.DVD-5|Any CPU.ActiveCfg = Debug|Any CPU
		{EBE5F46E-BAF5-4363-908B-C0137CFD34CF}.DVD-5|Any CPU.Build.0 = Debug|Any CPU
		{EBE5F46E-BAF5-4363-908B-C0137CFD34CF}.Release|Any CPU.ActiveCfg = Release|Any CPU
		{EBE5F46E-BAF5-4363-908B-C0137CFD34CF}.Release|Any CPU.Build.0 = Release|Any CPU
		{EBE5F46E-BAF5-4363-908B-C0137CFD34CF}.SingleImage|Any CPU.ActiveCfg = Release|Any CPU
		{EBE5F46E-BAF5-4363-908B-C0137CFD34CF}.SingleImage|Any CPU.Build.0 = Release|Any CPU
		{4C76F4AB-337C-402C-BF9D-C2532BCB616D}.CD_ROM|Any CPU.ActiveCfg = CD_ROM
		{4C76F4AB-337C-402C-BF9D-C2532BCB616D}.CD_ROM|Any CPU.Build.0 = CD_ROM
		{4C76F4AB-337C-402C-BF9D-C2532BCB616D}.Debug|Any CPU.ActiveCfg = DVD-5
		{4C76F4AB-337C-402C-BF9D-C2532BCB616D}.Debug|Any CPU.Build.0 = DVD-5
		{4C76F4AB-337C-402C-BF9D-C2532BCB616D}.DVD-5|Any CPU.ActiveCfg = DVD-5
		{4C76F4AB-337C-402C-BF9D-C2532BCB616D}.DVD-5|Any CPU.Build.0 = DVD-5
		{4C76F4AB-337C-402C-BF9D-C2532BCB616D}.Release|Any CPU.ActiveCfg = SingleImage
		{4C76F4AB-337C-402C-BF9D-C2532BCB616D}.Release|Any CPU.Build.0 = SingleImage
		{4C76F4AB-337C-402C-BF9D-C2532BCB616D}.SingleImage|Any CPU.ActiveCfg = SingleImage
		{4C76F4AB-337C-402C-BF9D-C2532BCB616D}.SingleImage|Any CPU.Build.0 = SingleImage
	EndGlobalSection
	GlobalSection(SolutionProperties) = preSolution
		HideSolutionNode = FALSE
	EndGlobalSection
EndGlobal
