
Microsoft Visual Studio Solution File, Format Version 12.00
# Visual Studio 14
VisualStudioVersion = 14.0.25420.1
MinimumVisualStudioVersion = 10.0.40219.1
Project("{F184B08F-C81C-45F6-A57F-5ABD9991F28F}") = "InvoicePay", "InvoicePay\InvoicePay.vbproj", "{C6FF9889-DAB5-472F-AD5E-753F2A59D585}"
EndProject
Project("{F184B08F-C81C-45F6-A57F-5ABD9991F28F}") = "InvoicePay.BLL", "InvoicePay.BLL\InvoicePay.BLL.vbproj", "{C9C7E92B-D5C8-4321-9EF7-D19087E44E33}"
EndProject
Project("{F184B08F-C81C-45F6-A57F-5ABD9991F28F}") = "InvoicePay.DAL", "InvoicePay.DAL\InvoicePay.DAL.vbproj", "{722D6DB9-B3FE-4067-9877-789A47CB0EF1}"
EndProject
Project("{F184B08F-C81C-45F6-A57F-5ABD9991F28F}") = "InvoicePay.Entity", "InvoicePay.Entity\InvoicePay.Entity.vbproj", "{99EA5E61-B521-4C1C-A759-844B1A13A16C}"
EndProject
Project("{6141683F-8A12-4E36-9623-2EB02B2C2303}") = "Setup1", "Setup1\Setup1.isproj", "{B8A8E417-01BF-4AAF-BA0C-4AD7EF921582}"
	ProjectSection(ProjectDependencies) = postProject
		{C6FF9889-DAB5-472F-AD5E-753F2A59D585} = {C6FF9889-DAB5-472F-AD5E-753F2A59D585}
	EndProjectSection
EndProject
Global
	GlobalSection(SolutionConfigurationPlatforms) = preSolution
		CD_ROM|Any CPU = CD_ROM|Any CPU
		Debug|Any CPU = Debug|Any CPU
		DVD-5|Any CPU = DVD-5|Any CPU
		Release|Any CPU = Release|Any CPU
		SingleImage|Any CPU = SingleImage|Any CPU
	EndGlobalSection
	GlobalSection(ProjectConfigurationPlatforms) = postSolution
		{C6FF9889-DAB5-472F-AD5E-753F2A59D585}.CD_ROM|Any CPU.ActiveCfg = Release|Any CPU
		{C6FF9889-DAB5-472F-AD5E-753F2A59D585}.CD_ROM|Any CPU.Build.0 = Release|Any CPU
		{C6FF9889-DAB5-472F-AD5E-753F2A59D585}.Debug|Any CPU.ActiveCfg = Debug|Any CPU
		{C6FF9889-DAB5-472F-AD5E-753F2A59D585}.Debug|Any CPU.Build.0 = Debug|Any CPU
		{C6FF9889-DAB5-472F-AD5E-753F2A59D585}.DVD-5|Any CPU.ActiveCfg = Debug|Any CPU
		{C6FF9889-DAB5-472F-AD5E-753F2A59D585}.DVD-5|Any CPU.Build.0 = Debug|Any CPU
		{C6FF9889-DAB5-472F-AD5E-753F2A59D585}.Release|Any CPU.ActiveCfg = Release|Any CPU
		{C6FF9889-DAB5-472F-AD5E-753F2A59D585}.Release|Any CPU.Build.0 = Release|Any CPU
		{C6FF9889-DAB5-472F-AD5E-753F2A59D585}.SingleImage|Any CPU.ActiveCfg = Release|Any CPU
		{C6FF9889-DAB5-472F-AD5E-753F2A59D585}.SingleImage|Any CPU.Build.0 = Release|Any CPU
		{C9C7E92B-D5C8-4321-9EF7-D19087E44E33}.CD_ROM|Any CPU.ActiveCfg = Release|Any CPU
		{C9C7E92B-D5C8-4321-9EF7-D19087E44E33}.CD_ROM|Any CPU.Build.0 = Release|Any CPU
		{C9C7E92B-D5C8-4321-9EF7-D19087E44E33}.Debug|Any CPU.ActiveCfg = Debug|Any CPU
		{C9C7E92B-D5C8-4321-9EF7-D19087E44E33}.Debug|Any CPU.Build.0 = Debug|Any CPU
		{C9C7E92B-D5C8-4321-9EF7-D19087E44E33}.DVD-5|Any CPU.ActiveCfg = Debug|Any CPU
		{C9C7E92B-D5C8-4321-9EF7-D19087E44E33}.DVD-5|Any CPU.Build.0 = Debug|Any CPU
		{C9C7E92B-D5C8-4321-9EF7-D19087E44E33}.Release|Any CPU.ActiveCfg = Release|Any CPU
		{C9C7E92B-D5C8-4321-9EF7-D19087E44E33}.Release|Any CPU.Build.0 = Release|Any CPU
		{C9C7E92B-D5C8-4321-9EF7-D19087E44E33}.SingleImage|Any CPU.ActiveCfg = Release|Any CPU
		{C9C7E92B-D5C8-4321-9EF7-D19087E44E33}.SingleImage|Any CPU.Build.0 = Release|Any CPU
		{722D6DB9-B3FE-4067-9877-789A47CB0EF1}.CD_ROM|Any CPU.ActiveCfg = Release|Any CPU
		{722D6DB9-B3FE-4067-9877-789A47CB0EF1}.CD_ROM|Any CPU.Build.0 = Release|Any CPU
		{722D6DB9-B3FE-4067-9877-789A47CB0EF1}.Debug|Any CPU.ActiveCfg = Debug|Any CPU
		{722D6DB9-B3FE-4067-9877-789A47CB0EF1}.Debug|Any CPU.Build.0 = Debug|Any CPU
		{722D6DB9-B3FE-4067-9877-789A47CB0EF1}.DVD-5|Any CPU.ActiveCfg = Debug|Any CPU
		{722D6DB9-B3FE-4067-9877-789A47CB0EF1}.DVD-5|Any CPU.Build.0 = Debug|Any CPU
		{722D6DB9-B3FE-4067-9877-789A47CB0EF1}.Release|Any CPU.ActiveCfg = Release|Any CPU
		{722D6DB9-B3FE-4067-9877-789A47CB0EF1}.Release|Any CPU.Build.0 = Release|Any CPU
		{722D6DB9-B3FE-4067-9877-789A47CB0EF1}.SingleImage|Any CPU.ActiveCfg = Release|Any CPU
		{722D6DB9-B3FE-4067-9877-789A47CB0EF1}.SingleImage|Any CPU.Build.0 = Release|Any CPU
		{99EA5E61-B521-4C1C-A759-844B1A13A16C}.CD_ROM|Any CPU.ActiveCfg = Release|Any CPU
		{99EA5E61-B521-4C1C-A759-844B1A13A16C}.CD_ROM|Any CPU.Build.0 = Release|Any CPU
		{99EA5E61-B521-4C1C-A759-844B1A13A16C}.Debug|Any CPU.ActiveCfg = Debug|Any CPU
		{99EA5E61-B521-4C1C-A759-844B1A13A16C}.Debug|Any CPU.Build.0 = Debug|Any CPU
		{99EA5E61-B521-4C1C-A759-844B1A13A16C}.DVD-5|Any CPU.ActiveCfg = Debug|Any CPU
		{99EA5E61-B521-4C1C-A759-844B1A13A16C}.DVD-5|Any CPU.Build.0 = Debug|Any CPU
		{99EA5E61-B521-4C1C-A759-844B1A13A16C}.Release|Any CPU.ActiveCfg = Release|Any CPU
		{99EA5E61-B521-4C1C-A759-844B1A13A16C}.Release|Any CPU.Build.0 = Release|Any CPU
		{99EA5E61-B521-4C1C-A759-844B1A13A16C}.SingleImage|Any CPU.ActiveCfg = Release|Any CPU
		{99EA5E61-B521-4C1C-A759-844B1A13A16C}.SingleImage|Any CPU.Build.0 = Release|Any CPU
		{B8A8E417-01BF-4AAF-BA0C-4AD7EF921582}.CD_ROM|Any CPU.ActiveCfg = CD_ROM
		{B8A8E417-01BF-4AAF-BA0C-4AD7EF921582}.CD_ROM|Any CPU.Build.0 = CD_ROM
		{B8A8E417-01BF-4AAF-BA0C-4AD7EF921582}.Debug|Any CPU.ActiveCfg = DVD-5
		{B8A8E417-01BF-4AAF-BA0C-4AD7EF921582}.Debug|Any CPU.Build.0 = DVD-5
		{B8A8E417-01BF-4AAF-BA0C-4AD7EF921582}.DVD-5|Any CPU.ActiveCfg = DVD-5
		{B8A8E417-01BF-4AAF-BA0C-4AD7EF921582}.DVD-5|Any CPU.Build.0 = DVD-5
		{B8A8E417-01BF-4AAF-BA0C-4AD7EF921582}.Release|Any CPU.ActiveCfg = SingleImage
		{B8A8E417-01BF-4AAF-BA0C-4AD7EF921582}.Release|Any CPU.Build.0 = SingleImage
		{B8A8E417-01BF-4AAF-BA0C-4AD7EF921582}.SingleImage|Any CPU.ActiveCfg = SingleImage
		{B8A8E417-01BF-4AAF-BA0C-4AD7EF921582}.SingleImage|Any CPU.Build.0 = SingleImage
	EndGlobalSection
	GlobalSection(SolutionProperties) = preSolution
		HideSolutionNode = FALSE
	EndGlobalSection
EndGlobal
